
Microsoft Visual Studio Solution File, Format Version 12.00
Project("{FAE04EC0-301F-11D3-BF4B-00C04F79EFBC}") = "TagomatGUI", "TagomatGUI\TagomatGUI.csproj", "{5C07CC8B-4BED-4517-8ABB-74BBAA166187}"
EndProject
Global
	GlobalSection(SolutionConfigurationPlatforms) = preSolution
		Debug|Any CPU = Debug|Any CPU
		Release|Any CPU = Release|Any CPU
	EndGlobalSection
	GlobalSection(ProjectConfigurationPlatforms) = postSolution
		{5C07CC8B-4BED-4517-8ABB-74BBAA166187}.Debug|Any CPU.ActiveCfg = Debug|Any CPU
		{5C07CC8B-4BED-4517-8ABB-74BBAA166187}.Debug|Any CPU.Build.0 = Debug|Any CPU
		{5C07CC8B-4BED-4517-8ABB-74BBAA166187}.Release|Any CPU.ActiveCfg = Release|Any CPU
		{5C07CC8B-4BED-4517-8ABB-74BBAA166187}.Release|Any CPU.Build.0 = Release|Any CPU
	EndGlobalSection
EndGlobal
